// !$*UTF8*$!
{
	archiveVersion = 1;
	classes = {
	};
	objectVersion = 46;
	objects = {

/* Begin PBXBuildFile section */
		60C7F8F51DE89F070038A66B /* AppDelegate.swift in Sources */ = {isa = PBXBuildFile; fileRef = 60C7F8F41DE89F070038A66B /* AppDelegate.swift */; };
		60C7F8F71DE89F070038A66B /* ViewController.swift in Sources */ = {isa = PBXBuildFile; fileRef = 60C7F8F61DE89F070038A66B /* ViewController.swift */; };
		60C7F8FA1DE89F070038A66B /* Main.storyboard in Resources */ = {isa = PBXBuildFile; fileRef = 60C7F8F81DE89F070038A66B /* Main.storyboard */; };
		60C7F8FC1DE89F070038A66B /* Assets.xcassets in Resources */ = {isa = PBXBuildFile; fileRef = 60C7F8FB1DE89F070038A66B /* Assets.xcassets */; };
		60C7F8FF1DE89F070038A66B /* LaunchScreen.storyboard in Resources */ = {isa = PBXBuildFile; fileRef = 60C7F8FD1DE89F070038A66B /* LaunchScreen.storyboard */; };
/* End PBXBuildFile section */

/* Begin PBXFileReference section */
		60C7F8F11DE89F070038A66B /* MemeMe-v1.0.app */ = {isa = PBXFileReference; explicitFileType = wrapper.application; includeInIndex = 0; path = "MemeMe-v1.0.app"; sourceTree = BUILT_PRODUCTS_DIR; };
		60C7F8F41DE89F070038A66B /* AppDelegate.swift */ = {isa = PBXFileReference; lastKnownFileType = sourcecode.swift; path = AppDelegate.swift; sourceTree = "<group>"; };
		60C7F8F61DE89F070038A66B /* ViewController.swift */ = {isa = PBXFileReference; lastKnownFileType = sourcecode.swift; path = ViewController.swift; sourceTree = "<group>"; };
		60C7F8F91DE89F070038A66B /* Base */ = {isa = PBXFileReference; lastKnownFileType = file.storyboard; name = Base; path = Base.lproj/Main.storyboard; sourceTree = "<group>"; };
		60C7F8FB1DE89F070038A66B /* Assets.xcassets */ = {isa = PBXFileReference; lastKnownFileType = folder.assetcatalog; path = Assets.xcassets; sourceTree = "<group>"; };
		60C7F8FE1DE89F070038A66B /* Base */ = {isa = PBXFileReference; lastKnownFileType = file.storyboard; name = Base; path = Base.lproj/LaunchScreen.storyboard; sourceTree = "<group>"; };
		60C7F9001DE89F070038A66B /* Info.plist */ = {isa = PBXFileReference; lastKnownFileType = text.plist.xml; path = Info.plist; sourceTree = "<group>"; };
/* End PBXFileReference section */

/* Begin PBXFrameworksBuildPhase section */
		60C7F8EE1DE89F070038A66B /* Frameworks */ = {
			isa = PBXFrameworksBuildPhase;
			buildActionMask = 2147483647;
			files = (
			);
			runOnlyForDeploymentPostprocessing = 0;
		};
/* End PBXFrameworksBuildPhase section */

/* Begin PBXGroup section */
		60C7F8E81DE89F070038A66B = {
			isa = PBXGroup;
			children = (
				60C7F8F31DE89F070038A66B /* MemeMe-v1.0 */,
				60C7F8F21DE89F070038A66B /* Products */,
			);
			sourceTree = "<group>";
		};
		60C7F8F21DE89F070038A66B /* Products */ = {
			isa = PBXGroup;
			children = (
				60C7F8F11DE89F070038A66B /* MemeMe-v1.0.app */,
			);
			name = Products;
			sourceTree = "<group>";
		};
		60C7F8F31DE89F070038A66B /* MemeMe-v1.0 */ = {
			isa = PBXGroup;
			children = (
				60C7F8F41DE89F070038A66B /* AppDelegate.swift */,
				60C7F8F61DE89F070038A66B /* ViewController.swift */,
				60C7F8F81DE89F070038A66B /* Main.storyboard */,
				60C7F8FB1DE89F070038A66B /* Assets.xcassets */,
				60C7F8FD1DE89F070038A66B /* LaunchScreen.storyboard */,
				60C7F9001DE89F070038A66B /* Info.plist */,
			);
			path = "MemeMe-v1.0";
			sourceTree = "<group>";
		};
/* End PBXGroup section */

/* Begin PBXNativeTarget section */
		60C7F8F01DE89F070038A66B /* MemeMe-v1.0 */ = {
			isa = PBXNativeTarget;
			buildConfigurationList = 60C7F9031DE89F070038A66B /* Build configuration list for PBXNativeTarget "MemeMe-v1.0" */;
			buildPhases = (
				60C7F8ED1DE89F070038A66B /* Sources */,
				60C7F8EE1DE89F070038A66B /* Frameworks */,
				60C7F8EF1DE89F070038A66B /* Resources */,
			);
			buildRules = (
			);
			dependencies = (
			);
			name = "MemeMe-v1.0";
			productName = "MemeMe-v1.0";
			productReference = 60C7F8F11DE89F070038A66B /* MemeMe-v1.0.app */;
			productType = "com.apple.product-type.application";
		};
/* End PBXNativeTarget section */

/* Begin PBXProject section */
		60C7F8E91DE89F070038A66B /* Project object */ = {
			isa = PBXProject;
			attributes = {
				LastSwiftUpdateCheck = 0800;
				LastUpgradeCheck = 0800;
				ORGANIZATIONNAME = "Brahma Reddy Chilakala";
				TargetAttributes = {
					60C7F8F01DE89F070038A66B = {
						CreatedOnToolsVersion = 8.0;
						ProvisioningStyle = Automatic;
					};
				};
			};
			buildConfigurationList = 60C7F8EC1DE89F070038A66B /* Build configuration list for PBXProject "MemeMe-v1.0" */;
			compatibilityVersion = "Xcode 3.2";
			developmentRegion = English;
			hasScannedForEncodings = 0;
			knownRegions = (
				en,
				Base,
			);
			mainGroup = 60C7F8E81DE89F070038A66B;
			productRefGroup = 60C7F8F21DE89F070038A66B /* Products */;
			projectDirPath = "";
			projectRoot = "";
			targets = (
				60C7F8F01DE89F070038A66B /* MemeMe-v1.0 */,
			);
		};
/* End PBXProject section */

/* Begin PBXResourcesBuildPhase section */
		60C7F8EF1DE89F070038A66B /* Resources */ = {
			isa = PBXResourcesBuildPhase;
			buildActionMask = 2147483647;
			files = (
				60C7F8FF1DE89F070038A66B /* LaunchScreen.storyboard in Resources */,
				60C7F8FC1DE89F070038A66B /* Assets.xcassets in Resources */,
				60C7F8FA1DE89F070038A66B /* Main.storyboard in Resources */,
			);
			runOnlyForDeploymentPostprocessing = 0;
		};
/* End PBXResourcesBuildPhase section */

/* Begin PBXSourcesBuildPhase section */
		60C7F8ED1DE89F070038A66B /* Sources */ = {
			isa = PBXSourcesBuildPhase;
			buildActionMask = 2147483647;
			files = (
				60C7F8F71DE89F070038A66B /* ViewController.swift in Sources */,
				60C7F8F51DE89F070038A66B /* AppDelegate.swift in Sources */,
			);
			runOnlyForDeploymentPostprocessing = 0;
		};
/* End PBXSourcesBuildPhase section */

/* Begin PBXVariantGroup section */
		60C7F8F81DE89F070038A66B /* Main.storyboard */ = {
			isa = PBXVariantGroup;
			children = (
				60C7F8F91DE89F070038A66B /* Base */,
			);
			name = Main.storyboard;
			sourceTree = "<group>";
		};
		60C7F8FD1DE89F070038A66B /* LaunchScreen.storyboard */ = {
			isa = PBXVariantGroup;
			children = (
				60C7F8FE1DE89F070038A66B /* Base */,
			);
			name = LaunchScreen.storyboard;
			sourceTree = "<group>";
		};
/* End PBXVariantGroup section */

/* Begin XCBuildConfiguration section */
		60C7F9011DE89F070038A66B /* Debug */ = {
			isa = XCBuildConfiguration;
			buildSettings = {
				ALWAYS_SEARCH_USER_PATHS = NO;
				CLANG_ANALYZER_NONNULL = YES;
				CLANG_CXX_LANGUAGE_STANDARD = "gnu++0x";
				CLANG_CXX_LIBRARY = "libc++";
				CLANG_ENABLE_MODULES = YES;
				CLANG_ENABLE_OBJC_ARC = YES;
				CLANG_WARN_BOOL_CONVERSION = YES;
				CLANG_WARN_CONSTANT_CONVERSION = YES;
				CLANG_WARN_DIRECT_OBJC_ISA_USAGE = YES_ERROR;
				CLANG_WARN_DOCUMENTATION_COMMENTS = YES;
				CLANG_WARN_EMPTY_BODY = YES;
				CLANG_WARN_ENUM_CONVERSION = YES;
				CLANG_WARN_INFINITE_RECURSION = YES;
				CLANG_WARN_INT_CONVERSION = YES;
				CLANG_WARN_OBJC_ROOT_CLASS = YES_ERROR;
				CLANG_WARN_SUSPICIOUS_MOVES = YES;
				CLANG_WARN_UNREACHABLE_CODE = YES;
				CLANG_WARN__DUPLICATE_METHOD_MATCH = YES;
				"CODE_SIGN_IDENTITY[sdk=iphoneos*]" = "iPhone Developer";
				COPY_PHASE_STRIP = NO;
				DEBUG_INFORMATION_FORMAT = dwarf;
				ENABLE_STRICT_OBJC_MSGSEND = YES;
				ENABLE_TESTABILITY = YES;
				GCC_C_LANGUAGE_STANDARD = gnu99;
				GCC_DYNAMIC_NO_PIC = NO;
				GCC_NO_COMMON_BLOCKS = YES;
				GCC_OPTIMIZATION_LEVEL = 0;
				GCC_PREPROCESSOR_DEFINITIONS = (
					"DEBUG=1",
					"$(inherited)",
				);
				GCC_WARN_64_TO_32_BIT_CONVERSION = YES;
				GCC_WARN_ABOUT_RETURN_TYPE = YES_ERROR;
				GCC_WARN_UNDECLARED_SELECTOR = YES;
				GCC_WARN_UNINITIALIZED_AUTOS = YES_AGGRESSIVE;
				GCC_WARN_UNUSED_FUNCTION = YES;
				GCC_WARN_UNUSED_VARIABLE = YES;
				IPHONEOS_DEPLOYMENT_TARGET = 10.0;
				MTL_ENABLE_DEBUG_INFO = YES;
				ONLY_ACTIVE_ARCH = YES;
				SDKROOT = iphoneos;
				SWIFT_ACTIVE_COMPILATION_CONDITIONS = DEBUG;
				SWIFT_OPTIMIZATION_LEVEL = "-Onone";
			};
			name = Debug;
		};
		60C7F9021DE89F070038A66B /* Release */ = {
			isa = XCBuildConfiguration;
			buildSettings = {
				ALWAYS_SEARCH_USER_PATHS = NO;
				CLANG_ANALYZER_NONNULL = YES;
				CLANG_CXX_LANGUAGE_STANDARD = "gnu++0x";
				CLANG_CXX_LIBRARY = "libc++";
				CLANG_ENABLE_MODULES = YES;
				CLANG_ENABLE_OBJC_ARC = YES;
				CLANG_WARN_BOOL_CONVERSION = YES;
				CLANG_WARN_CONSTANT_CONVERSION = YES;
				CLANG_WARN_DIRECT_OBJC_ISA_USAGE = YES_ERROR;
				CLANG_WARN_DOCUMENTATION_COMMENTS = YES;
				CLANG_WARN_EMPTY_BODY = YES;
				CLANG_WARN_ENUM_CONVERSION = YES;
				CLANG_WARN_INFINITE_RECURSION = YES;
				CLANG_WARN_INT_CONVERSION = YES;
				CLANG_WARN_OBJC_ROOT_CLASS = YES_ERROR;
				CLANG_WARN_SUSPICIOUS_MOVES = YES;
				CLANG_WARN_UNREACHABLE_CODE = YES;
				CLANG_WARN__DUPLICATE_METHOD_MATCH = YES;
				"CODE_SIGN_IDENTITY[sdk=iphoneos*]" = "iPhone Developer";
				COPY_PHASE_STRIP = NO;
				DEBUG_INFORMATION_FORMAT = "dwarf-with-dsym";
				ENABLE_NS_ASSERTIONS = NO;
				ENABLE_STRICT_OBJC_MSGSEND = YES;
				GCC_C_LANGUAGE_STANDARD = gnu99;
				GCC_NO_COMMON_BLOCKS = YES;
				GCC_WARN_64_TO_32_BIT_CONVERSION = YES;
				GCC_WARN_ABOUT_RETURN_TYPE = YES_ERROR;
				GCC_WARN_UNDECLARED_SELECTOR = YES;
				GCC_WARN_UNINITIALIZED_AUTOS = YES_AGGRESSIVE;
				GCC_WARN_UNUSED_FUNCTION = YES;
				GCC_WARN_UNUSED_VARIABLE = YES;
				IPHONEOS_DEPLOYMENT_TARGET = 10.0;
				MTL_ENABLE_DEBUG_INFO = NO;
				SDKROOT = iphoneos;
				SWIFT_OPTIMIZATION_LEVEL = "-Owholemodule";
				VALIDATE_PRODUCT = YES;
			};
			name = Release;
		};
		60C7F9041DE89F070038A66B /* Debug */ = {
			isa = XCBuildConfiguration;
			buildSettings = {
				ASSETCATALOG_COMPILER_APPICON_NAME = AppIcon;
				INFOPLIST_FILE = "MemeMe-v1.0/Info.plist";
				LD_RUNPATH_SEARCH_PATHS = "$(inherited) @executable_path/Frameworks";
				PRODUCT_BUNDLE_IDENTIFIER = "com.brahma.MemeMe-v1-0";
				PRODUCT_NAME = "$(TARGET_NAME)";
				SWIFT_VERSION = 3.0;
			};
			name = Debug;
		};
		60C7F9051DE89F070038A66B /* Release */ = {
			isa = XCBuildConfiguration;
			buildSettings = {
				ASSETCATALOG_COMPILER_APPICON_NAME = AppIcon;
				INFOPLIST_FILE = "MemeMe-v1.0/Info.plist";
				LD_RUNPATH_SEARCH_PATHS = "$(inherited) @executable_path/Frameworks";
				PRODUCT_BUNDLE_IDENTIFIER = "com.brahma.MemeMe-v1-0";
				PRODUCT_NAME = "$(TARGET_NAME)";
				SWIFT_VERSION = 3.0;
			};
			name = Release;
		};
/* End XCBuildConfiguration section */

/* Begin XCConfigurationList section */
		60C7F8EC1DE89F070038A66B /* Build configuration list for PBXProject "MemeMe-v1.0" */ = {
			isa = XCConfigurationList;
			buildConfigurations = (
				60C7F9011DE89F070038A66B /* Debug */,
				60C7F9021DE89F070038A66B /* Release */,
			);
			defaultConfigurationIsVisible = 0;
			defaultConfigurationName = Release;
		};
		60C7F9031DE89F070038A66B /* Build configuration list for PBXNativeTarget "MemeMe-v1.0" */ = {
			isa = XCConfigurationList;
			buildConfigurations = (
				60C7F9041DE89F070038A66B /* Debug */,
				60C7F9051DE89F070038A66B /* Release */,
			);
			defaultConfigurationIsVisible = 0;
		};
/* End XCConfigurationList section */
	};
	rootObject = 60C7F8E91DE89F070038A66B /* Project object */;
}
